
Microsoft Visual Studio Solution File, Format Version 12.00
# Visual Studio Version 17
VisualStudioVersion = 17.0.31903.59
MinimumVisualStudioVersion = 10.0.40219.1
Project("{FAE04EC0-301F-11D3-BF4B-00C04F79EFBC}") = "API", "API\API.csproj", "{65C3512F-8417-4BF0-95EF-3312542D9F98}"
EndProject
Project("{FAE04EC0-301F-11D3-BF4B-00C04F79EFBC}") = "Core", "Core\Core.csproj", "{D54D2652-A3BE-45FE-A143-2D2C40D733EA}"
EndProject
Project("{FAE04EC0-301F-11D3-BF4B-00C04F79EFBC}") = "Infrastructure", "Infrastructure\Infrastructure.csproj", "{B0DFD243-BD17-40A5-900C-7AE656BE8D0D}"
EndProject
Global
	GlobalSection(SolutionConfigurationPlatforms) = preSolution
		Debug|Any CPU = Debug|Any CPU
		Release|Any CPU = Release|Any CPU
	EndGlobalSection
	GlobalSection(SolutionProperties) = preSolution
		HideSolutionNode = FALSE
	EndGlobalSection
	GlobalSection(ProjectConfigurationPlatforms) = postSolution
		{65C3512F-8417-4BF0-95EF-3312542D9F98}.Debug|Any CPU.ActiveCfg = Debug|Any CPU
		{65C3512F-8417-4BF0-95EF-3312542D9F98}.Debug|Any CPU.Build.0 = Debug|Any CPU
		{65C3512F-8417-4BF0-95EF-3312542D9F98}.Release|Any CPU.ActiveCfg = Release|Any CPU
		{65C3512F-8417-4BF0-95EF-3312542D9F98}.Release|Any CPU.Build.0 = Release|Any CPU
		{D54D2652-A3BE-45FE-A143-2D2C40D733EA}.Debug|Any CPU.ActiveCfg = Debug|Any CPU
		{D54D2652-A3BE-45FE-A143-2D2C40D733EA}.Debug|Any CPU.Build.0 = Debug|Any CPU
		{D54D2652-A3BE-45FE-A143-2D2C40D733EA}.Release|Any CPU.ActiveCfg = Release|Any CPU
		{D54D2652-A3BE-45FE-A143-2D2C40D733EA}.Release|Any CPU.Build.0 = Release|Any CPU
		{B0DFD243-BD17-40A5-900C-7AE656BE8D0D}.Debug|Any CPU.ActiveCfg = Debug|Any CPU
		{B0DFD243-BD17-40A5-900C-7AE656BE8D0D}.Debug|Any CPU.Build.0 = Debug|Any CPU
		{B0DFD243-BD17-40A5-900C-7AE656BE8D0D}.Release|Any CPU.ActiveCfg = Release|Any CPU
		{B0DFD243-BD17-40A5-900C-7AE656BE8D0D}.Release|Any CPU.Build.0 = Release|Any CPU
	EndGlobalSection
EndGlobal
